<Solution>
  <Project Path="NetCoreAI.Project01_ApiDemo/NetCoreAI.Project01_ApiDemo.csproj" />
  <Project Path="NetCoreAI.Project02_ApiConsumeUI/NetCoreAI.Project02_ApiConsumeUI.csproj" Id="cff6a587-f87c-4566-90a1-b429b7a056de" />
  <Project Path="NetCoreAI.Project03_RapidApi/NetCoreAI.Project03_RapidApi.csproj" Id="223b794a-f06b-40d3-95b5-9c80d9bf0aea" />
  <Project Path="NetCoreAI.Project04_OpenAIChat/NetCoreAI.Project04_OpenAIChat.csproj" Id="ceb38adb-af9f-4508-9541-6163a9a4b36b" />
  <Project Path="NetCoreAI.Project05_OpenAIWhisperAudioToText/NetCoreAI.Project05_OpenAIWhisperAudioToText.csproj" Id="3ae07e91-5e89-4bf2-8f43-993b97eaa512" />
  <Project Path="NetCoreAI.Project06_DallE-ImageGeneration/NetCoreAI.Project06_DallE-ImageGeneration.csproj" Id="de82dabf-50f2-4de5-b878-3208c7378bbb" />
  <Project Path="NetCoreAI.Project07_TeseractOcr/NetCoreAI.Project07_TesseractOcr.csproj" Id="619754d0-6386-4dcc-aaa4-4dfeddf15767" />
  <Project Path="NetCoreAI.Project08_GoogleCloudVision/NetCoreAI.Project08_GoogleCloudVision.csproj" Id="f2bbf053-1d4c-4131-ab56-c14b286c076a" />
  <Project Path="NetCoreAI.Project09_OpenAITranslate/NetCoreAI.Project09_OpenAITranslate.csproj" Id="8b04b48a-b962-4d71-950c-458314a68c82" />
  <Project Path="NetCoreAI.Project10_TextToSpeech/NetCoreAI.Project10_TextToSpeech.csproj" Id="2b7ede9c-4a1d-4c27-bc6b-6ec079a1a801" />
</Solution>
